
Microsoft Visual Studio Solution File, Format Version 12.00
# Visual Studio Version 16
VisualStudioVersion = 16.0.30621.155
MinimumVisualStudioVersion = 10.0.40219.1
Project("{8BC9CEB8-8B4A-11D0-8D11-00A0C91BC942}") = "Carcas", "Carcas\Carcas.vcxproj", "{2BD4545B-E86B-481D-9F8C-55432C3322C6}"
EndProject
Project("{8BC9CEB8-8B4A-11D0-8D11-00A0C91BC942}") = "T-T-T", "T-T-T\T-T-T.vcxproj", "{2B7631BD-DEE0-408E-A1E6-D337C0E0CC7E}"
EndProject
Project("{8BC9CEB8-8B4A-11D0-8D11-00A0C91BC942}") = "Calendar", "Calendar\Calendar.vcxproj", "{9730E8DF-A5A4-4BC5-A48B-9F8734561C25}"
EndProject
Project("{8BC9CEB8-8B4A-11D0-8D11-00A0C91BC942}") = "ScrollingRGB", "ScrollingRGB\ScrollingRGB.vcxproj", "{25A00B4D-A348-4210-A7A5-05F34C168896}"
EndProject
Project("{8BC9CEB8-8B4A-11D0-8D11-00A0C91BC942}") = "25ChildWindow", "25ChildWindow\25ChildWindow.vcxproj", "{D259DFC2-E77C-4061-B69F-EED0AD1976C0}"
EndProject
Project("{8BC9CEB8-8B4A-11D0-8D11-00A0C91BC942}") = "Inch", "Inch\Inch.vcxproj", "{F2CF2E93-22DD-4FEC-A2C8-5DAD75DCACF7}"
EndProject
Project("{8BC9CEB8-8B4A-11D0-8D11-00A0C91BC942}") = "TimerAndMouse", "TimerAndMouse\TimerAndMouse.vcxproj", "{1114AAC6-5A21-4289-802B-316EDCE1BE41}"
EndProject
Project("{8BC9CEB8-8B4A-11D0-8D11-00A0C91BC942}") = "SunText", "SunText\SunText.vcxproj", "{9E9132D3-05CB-4CD6-B9E4-768D354117AA}"
EndProject
Project("{8BC9CEB8-8B4A-11D0-8D11-00A0C91BC942}") = "GraphicFigure", "GraphicFigure\GraphicFigure.vcxproj", "{CA7DEB45-5B58-4482-B371-B13D3E40D224}"
EndProject
Project("{8BC9CEB8-8B4A-11D0-8D11-00A0C91BC942}") = "Grid", "Grid\Grid.vcxproj", "{7C08C9A8-FCF3-4DBC-894B-F97F8C20C1A8}"
EndProject
Project("{8BC9CEB8-8B4A-11D0-8D11-00A0C91BC942}") = "Ellipse_In_Rectangle", "Ellipse_In_Rectangle\Ellipse_In_Rectangle.vcxproj", "{ED14A295-2B0A-4078-870A-C604406B295F}"
EndProject
Project("{8BC9CEB8-8B4A-11D0-8D11-00A0C91BC942}") = "HypnoticCircle", "HypnoticCircle\HypnoticCircle.vcxproj", "{BEA1201B-F5B3-4CB6-BBA5-C382AA5E0007}"
EndProject
Project("{8BC9CEB8-8B4A-11D0-8D11-00A0C91BC942}") = "SinAndFlower", "SinAndFlower\SinAndFlower.vcxproj", "{F1C19CB0-DDC8-4336-8319-AE5CD993D853}"
EndProject
Project("{8BC9CEB8-8B4A-11D0-8D11-00A0C91BC942}") = "Hatch", "Hatch\Hatch.vcxproj", "{0369A74A-D5A6-4E04-8460-FE681589A700}"
EndProject
Project("{8BC9CEB8-8B4A-11D0-8D11-00A0C91BC942}") = "Bezier", "Bezier\Bezier.vcxproj", "{EC2CD3EA-EFFA-48FA-A75C-1EA3B9E31EE9}"
EndProject
Project("{8BC9CEB8-8B4A-11D0-8D11-00A0C91BC942}") = "RandomRectangle", "RandomRectangle\RandomRectangle.vcxproj", "{7397BA0D-F0E0-47E8-9CF0-B114EE4121C8}"
EndProject
Project("{8BC9CEB8-8B4A-11D0-8D11-00A0C91BC942}") = "Figures", "Figures\Figures.vcxproj", "{118701CF-CD94-4D24-A992-909FBBA22A4D}"
EndProject
Project("{8BC9CEB8-8B4A-11D0-8D11-00A0C91BC942}") = "MinimizeWindow", "MinimizeWindow\MinimizeWindow.vcxproj", "{EC7C7142-76B0-4F96-99E7-26610FB86090}"
EndProject
Project("{8BC9CEB8-8B4A-11D0-8D11-00A0C91BC942}") = "Star", "Star\Star.vcxproj", "{4A430093-2DB6-4690-A0F3-ACD8B288E3F3}"
EndProject
Project("{8BC9CEB8-8B4A-11D0-8D11-00A0C91BC942}") = "Eye", "Eye\Eye.vcxproj", "{AC08F131-6235-48A2-9904-F2924A926F31}"
EndProject
Project("{8BC9CEB8-8B4A-11D0-8D11-00A0C91BC942}") = "DifFont", "DifFont\DifFont.vcxproj", "{F616E131-22E5-4D57-AF36-4AD76752B11C}"
EndProject
Project("{8BC9CEB8-8B4A-11D0-8D11-00A0C91BC942}") = "List", "List\List.vcxproj", "{D80E33FC-7493-4342-ABB4-3B227A5D197A}"
EndProject
Project("{8BC9CEB8-8B4A-11D0-8D11-00A0C91BC942}") = "RandRectangleWithTimer", "RandRectangleWithTimer\RandRectangleWithTimer.vcxproj", "{DCFCFF95-A324-4FFE-B823-3776F0B8E7E9}"
EndProject
Project("{8BC9CEB8-8B4A-11D0-8D11-00A0C91BC942}") = "RectangleEllipsePieChordStar", "RectangleEllipsePieChordStar\RectangleEllipsePieChordStar.vcxproj", "{B650A975-A875-447C-9C11-87FCE059772E}"
EndProject
Project("{8BC9CEB8-8B4A-11D0-8D11-00A0C91BC942}") = "ResizeRectangle", "ResizeRectangle\ResizeRectangle.vcxproj", "{B62A3197-B524-4E46-8BF6-970F9486DE13}"
EndProject
Project("{8BC9CEB8-8B4A-11D0-8D11-00A0C91BC942}") = "MenuProgramming", "MenuProgramming\MenuProgramming.vcxproj", "{15FDAAC0-8DC8-4400-A11F-E5F835CB4D17}"
EndProject
Project("{8BC9CEB8-8B4A-11D0-8D11-00A0C91BC942}") = "MenuResource", "MenuResource\MenuResource.vcxproj", "{0EE25F82-3ACC-499E-BBA5-05D3F4876539}"
EndProject
Project("{2150E333-8FDC-42A3-9474-1A3956D46DE8}") = "Solution Items", "Solution Items", "{62AB0537-5423-47D1-9300-0527BBD384B0}"
	ProjectSection(SolutionItems) = preProject
		SkipProgramm.txt = SkipProgramm.txt
	EndProjectSection
EndProject
Project("{8BC9CEB8-8B4A-11D0-8D11-00A0C91BC942}") = "Testing", "Testing\Testing.vcxproj", "{28FBAEFB-4462-4C06-9BBB-FAEAC8F2B760}"
EndProject
Project("{8BC9CEB8-8B4A-11D0-8D11-00A0C91BC942}") = "VVV", "VVV\VVV.vcxproj", "{0050C50C-135B-429E-8707-CD056B56F9F1}"
EndProject
Project("{8BC9CEB8-8B4A-11D0-8D11-00A0C91BC942}") = "Paint", "Paint\Paint.vcxproj", "{8109D9D4-8C7E-4AC2-B63F-E2901D1EF785}"
EndProject
Project("{8BC9CEB8-8B4A-11D0-8D11-00A0C91BC942}") = "Ellipse", "Ellipse\Ellipse.vcxproj", "{28EAC9E9-E55B-43FA-B968-D764930B81FF}"
EndProject
Project("{8BC9CEB8-8B4A-11D0-8D11-00A0C91BC942}") = "TextEditor", "TextEditor\TextEditor.vcxproj", "{4E7843DF-5F33-4C70-8774-AFEE5DDE865A}"
EndProject
Project("{8BC9CEB8-8B4A-11D0-8D11-00A0C91BC942}") = "Moon", "Moon\Moon.vcxproj", "{03AB678D-FD26-425D-BE4C-C9A22DC9A891}"
EndProject
Project("{8BC9CEB8-8B4A-11D0-8D11-00A0C91BC942}") = "HelloWorld", "HelloWorld\HelloWorld.vcxproj", "{404133DF-B8DF-4B7B-B1C2-75B8DE0E0B24}"
EndProject
Project("{8BC9CEB8-8B4A-11D0-8D11-00A0C91BC942}") = "Bitmap", "Bitmap\Bitmap.vcxproj", "{F4698BDB-D41B-4A41-BA5D-935A61E1D6AF}"
EndProject
Project("{8BC9CEB8-8B4A-11D0-8D11-00A0C91BC942}") = "Cartoon", "Cartoon\Cartoon.vcxproj", "{73A77FFC-AFD5-4A0C-9EC4-A60B893A617D}"
EndProject
Project("{8BC9CEB8-8B4A-11D0-8D11-00A0C91BC942}") = "BitMapRectangle", "BitMapRectangle\BitMapRectangle.vcxproj", "{68F82B65-14A7-4DCF-AD33-BD396A8F5974}"
EndProject
Project("{8BC9CEB8-8B4A-11D0-8D11-00A0C91BC942}") = "LoadPicture", "LoadPicture\LoadPicture.vcxproj", "{98DFAA5C-4A71-42ED-A6F2-FD4E0CFE7C81}"
EndProject
Project("{8BC9CEB8-8B4A-11D0-8D11-00A0C91BC942}") = "Ghost", "Ghost\Ghost.vcxproj", "{99DAA6C5-4478-4FA8-99D9-FB3B89E73E5E}"
EndProject
Global
	GlobalSection(SolutionConfigurationPlatforms) = preSolution
		Debug|Any CPU = Debug|Any CPU
		Debug|x64 = Debug|x64
		Debug|x86 = Debug|x86
		Release|Any CPU = Release|Any CPU
		Release|x64 = Release|x64
		Release|x86 = Release|x86
	EndGlobalSection
	GlobalSection(ProjectConfigurationPlatforms) = postSolution
		{2BD4545B-E86B-481D-9F8C-55432C3322C6}.Debug|Any CPU.ActiveCfg = Debug|Win32
		{2BD4545B-E86B-481D-9F8C-55432C3322C6}.Debug|x64.ActiveCfg = Debug|x64
		{2BD4545B-E86B-481D-9F8C-55432C3322C6}.Debug|x64.Build.0 = Debug|x64
		{2BD4545B-E86B-481D-9F8C-55432C3322C6}.Debug|x86.ActiveCfg = Debug|Win32
		{2BD4545B-E86B-481D-9F8C-55432C3322C6}.Debug|x86.Build.0 = Debug|Win32
		{2BD4545B-E86B-481D-9F8C-55432C3322C6}.Release|Any CPU.ActiveCfg = Release|Win32
		{2BD4545B-E86B-481D-9F8C-55432C3322C6}.Release|x64.ActiveCfg = Release|x64
		{2BD4545B-E86B-481D-9F8C-55432C3322C6}.Release|x64.Build.0 = Release|x64
		{2BD4545B-E86B-481D-9F8C-55432C3322C6}.Release|x86.ActiveCfg = Release|Win32
		{2BD4545B-E86B-481D-9F8C-55432C3322C6}.Release|x86.Build.0 = Release|Win32
		{2B7631BD-DEE0-408E-A1E6-D337C0E0CC7E}.Debug|Any CPU.ActiveCfg = Debug|Win32
		{2B7631BD-DEE0-408E-A1E6-D337C0E0CC7E}.Debug|x64.ActiveCfg = Debug|x64
		{2B7631BD-DEE0-408E-A1E6-D337C0E0CC7E}.Debug|x64.Build.0 = Debug|x64
		{2B7631BD-DEE0-408E-A1E6-D337C0E0CC7E}.Debug|x86.ActiveCfg = Debug|Win32
		{2B7631BD-DEE0-408E-A1E6-D337C0E0CC7E}.Debug|x86.Build.0 = Debug|Win32
		{2B7631BD-DEE0-408E-A1E6-D337C0E0CC7E}.Release|Any CPU.ActiveCfg = Release|Win32
		{2B7631BD-DEE0-408E-A1E6-D337C0E0CC7E}.Release|x64.ActiveCfg = Release|x64
		{2B7631BD-DEE0-408E-A1E6-D337C0E0CC7E}.Release|x64.Build.0 = Release|x64
		{2B7631BD-DEE0-408E-A1E6-D337C0E0CC7E}.Release|x86.ActiveCfg = Release|Win32
		{2B7631BD-DEE0-408E-A1E6-D337C0E0CC7E}.Release|x86.Build.0 = Release|Win32
		{9730E8DF-A5A4-4BC5-A48B-9F8734561C25}.Debug|Any CPU.ActiveCfg = Debug|Win32
		{9730E8DF-A5A4-4BC5-A48B-9F8734561C25}.Debug|x64.ActiveCfg = Debug|x64
		{9730E8DF-A5A4-4BC5-A48B-9F8734561C25}.Debug|x64.Build.0 = Debug|x64
		{9730E8DF-A5A4-4BC5-A48B-9F8734561C25}.Debug|x86.ActiveCfg = Debug|Win32
		{9730E8DF-A5A4-4BC5-A48B-9F8734561C25}.Debug|x86.Build.0 = Debug|Win32
		{9730E8DF-A5A4-4BC5-A48B-9F8734561C25}.Release|Any CPU.ActiveCfg = Release|Win32
		{9730E8DF-A5A4-4BC5-A48B-9F8734561C25}.Release|x64.ActiveCfg = Release|x64
		{9730E8DF-A5A4-4BC5-A48B-9F8734561C25}.Release|x64.Build.0 = Release|x64
		{9730E8DF-A5A4-4BC5-A48B-9F8734561C25}.Release|x86.ActiveCfg = Release|Win32
		{9730E8DF-A5A4-4BC5-A48B-9F8734561C25}.Release|x86.Build.0 = Release|Win32
		{25A00B4D-A348-4210-A7A5-05F34C168896}.Debug|Any CPU.ActiveCfg = Debug|Win32
		{25A00B4D-A348-4210-A7A5-05F34C168896}.Debug|x64.ActiveCfg = Debug|x64
		{25A00B4D-A348-4210-A7A5-05F34C168896}.Debug|x64.Build.0 = Debug|x64
		{25A00B4D-A348-4210-A7A5-05F34C168896}.Debug|x86.ActiveCfg = Debug|Win32
		{25A00B4D-A348-4210-A7A5-05F34C168896}.Debug|x86.Build.0 = Debug|Win32
		{25A00B4D-A348-4210-A7A5-05F34C168896}.Release|Any CPU.ActiveCfg = Release|Win32
		{25A00B4D-A348-4210-A7A5-05F34C168896}.Release|x64.ActiveCfg = Release|x64
		{25A00B4D-A348-4210-A7A5-05F34C168896}.Release|x64.Build.0 = Release|x64
		{25A00B4D-A348-4210-A7A5-05F34C168896}.Release|x86.ActiveCfg = Release|Win32
		{25A00B4D-A348-4210-A7A5-05F34C168896}.Release|x86.Build.0 = Release|Win32
		{D259DFC2-E77C-4061-B69F-EED0AD1976C0}.Debug|Any CPU.ActiveCfg = Debug|Win32
		{D259DFC2-E77C-4061-B69F-EED0AD1976C0}.Debug|x64.ActiveCfg = Debug|x64
		{D259DFC2-E77C-4061-B69F-EED0AD1976C0}.Debug|x64.Build.0 = Debug|x64
		{D259DFC2-E77C-4061-B69F-EED0AD1976C0}.Debug|x86.ActiveCfg = Debug|Win32
		{D259DFC2-E77C-4061-B69F-EED0AD1976C0}.Debug|x86.Build.0 = Debug|Win32
		{D259DFC2-E77C-4061-B69F-EED0AD1976C0}.Release|Any CPU.ActiveCfg = Release|Win32
		{D259DFC2-E77C-4061-B69F-EED0AD1976C0}.Release|x64.ActiveCfg = Release|x64
		{D259DFC2-E77C-4061-B69F-EED0AD1976C0}.Release|x64.Build.0 = Release|x64
		{D259DFC2-E77C-4061-B69F-EED0AD1976C0}.Release|x86.ActiveCfg = Release|Win32
		{D259DFC2-E77C-4061-B69F-EED0AD1976C0}.Release|x86.Build.0 = Release|Win32
		{F2CF2E93-22DD-4FEC-A2C8-5DAD75DCACF7}.Debug|Any CPU.ActiveCfg = Debug|Win32
		{F2CF2E93-22DD-4FEC-A2C8-5DAD75DCACF7}.Debug|x64.ActiveCfg = Debug|x64
		{F2CF2E93-22DD-4FEC-A2C8-5DAD75DCACF7}.Debug|x64.Build.0 = Debug|x64
		{F2CF2E93-22DD-4FEC-A2C8-5DAD75DCACF7}.Debug|x86.ActiveCfg = Debug|Win32
		{F2CF2E93-22DD-4FEC-A2C8-5DAD75DCACF7}.Debug|x86.Build.0 = Debug|Win32
		{F2CF2E93-22DD-4FEC-A2C8-5DAD75DCACF7}.Release|Any CPU.ActiveCfg = Release|Win32
		{F2CF2E93-22DD-4FEC-A2C8-5DAD75DCACF7}.Release|x64.ActiveCfg = Release|x64
		{F2CF2E93-22DD-4FEC-A2C8-5DAD75DCACF7}.Release|x64.Build.0 = Release|x64
		{F2CF2E93-22DD-4FEC-A2C8-5DAD75DCACF7}.Release|x86.ActiveCfg = Release|Win32
		{F2CF2E93-22DD-4FEC-A2C8-5DAD75DCACF7}.Release|x86.Build.0 = Release|Win32
		{1114AAC6-5A21-4289-802B-316EDCE1BE41}.Debug|Any CPU.ActiveCfg = Debug|Win32
		{1114AAC6-5A21-4289-802B-316EDCE1BE41}.Debug|x64.ActiveCfg = Debug|x64
		{1114AAC6-5A21-4289-802B-316EDCE1BE41}.Debug|x64.Build.0 = Debug|x64
		{1114AAC6-5A21-4289-802B-316EDCE1BE41}.Debug|x86.ActiveCfg = Debug|Win32
		{1114AAC6-5A21-4289-802B-316EDCE1BE41}.Debug|x86.Build.0 = Debug|Win32
		{1114AAC6-5A21-4289-802B-316EDCE1BE41}.Release|Any CPU.ActiveCfg = Release|Win32
		{1114AAC6-5A21-4289-802B-316EDCE1BE41}.Release|x64.ActiveCfg = Release|x64
		{1114AAC6-5A21-4289-802B-316EDCE1BE41}.Release|x64.Build.0 = Release|x64
		{1114AAC6-5A21-4289-802B-316EDCE1BE41}.Release|x86.ActiveCfg = Release|Win32
		{1114AAC6-5A21-4289-802B-316EDCE1BE41}.Release|x86.Build.0 = Release|Win32
		{9E9132D3-05CB-4CD6-B9E4-768D354117AA}.Debug|Any CPU.ActiveCfg = Debug|Win32
		{9E9132D3-05CB-4CD6-B9E4-768D354117AA}.Debug|x64.ActiveCfg = Debug|x64
		{9E9132D3-05CB-4CD6-B9E4-768D354117AA}.Debug|x64.Build.0 = Debug|x64
		{9E9132D3-05CB-4CD6-B9E4-768D354117AA}.Debug|x86.ActiveCfg = Debug|Win32
		{9E9132D3-05CB-4CD6-B9E4-768D354117AA}.Debug|x86.Build.0 = Debug|Win32
		{9E9132D3-05CB-4CD6-B9E4-768D354117AA}.Release|Any CPU.ActiveCfg = Release|Win32
		{9E9132D3-05CB-4CD6-B9E4-768D354117AA}.Release|x64.ActiveCfg = Release|x64
		{9E9132D3-05CB-4CD6-B9E4-768D354117AA}.Release|x64.Build.0 = Release|x64
		{9E9132D3-05CB-4CD6-B9E4-768D354117AA}.Release|x86.ActiveCfg = Release|Win32
		{9E9132D3-05CB-4CD6-B9E4-768D354117AA}.Release|x86.Build.0 = Release|Win32
		{CA7DEB45-5B58-4482-B371-B13D3E40D224}.Debug|Any CPU.ActiveCfg = Debug|Win32
		{CA7DEB45-5B58-4482-B371-B13D3E40D224}.Debug|x64.ActiveCfg = Debug|x64
		{CA7DEB45-5B58-4482-B371-B13D3E40D224}.Debug|x64.Build.0 = Debug|x64
		{CA7DEB45-5B58-4482-B371-B13D3E40D224}.Debug|x86.ActiveCfg = Debug|Win32
		{CA7DEB45-5B58-4482-B371-B13D3E40D224}.Debug|x86.Build.0 = Debug|Win32
		{CA7DEB45-5B58-4482-B371-B13D3E40D224}.Release|Any CPU.ActiveCfg = Release|Win32
		{CA7DEB45-5B58-4482-B371-B13D3E40D224}.Release|x64.ActiveCfg = Release|x64
		{CA7DEB45-5B58-4482-B371-B13D3E40D224}.Release|x64.Build.0 = Release|x64
		{CA7DEB45-5B58-4482-B371-B13D3E40D224}.Release|x86.ActiveCfg = Release|Win32
		{CA7DEB45-5B58-4482-B371-B13D3E40D224}.Release|x86.Build.0 = Release|Win32
		{7C08C9A8-FCF3-4DBC-894B-F97F8C20C1A8}.Debug|Any CPU.ActiveCfg = Debug|Win32
		{7C08C9A8-FCF3-4DBC-894B-F97F8C20C1A8}.Debug|x64.ActiveCfg = Debug|x64
		{7C08C9A8-FCF3-4DBC-894B-F97F8C20C1A8}.Debug|x64.Build.0 = Debug|x64
		{7C08C9A8-FCF3-4DBC-894B-F97F8C20C1A8}.Debug|x86.ActiveCfg = Debug|Win32
		{7C08C9A8-FCF3-4DBC-894B-F97F8C20C1A8}.Debug|x86.Build.0 = Debug|Win32
		{7C08C9A8-FCF3-4DBC-894B-F97F8C20C1A8}.Release|Any CPU.ActiveCfg = Release|Win32
		{7C08C9A8-FCF3-4DBC-894B-F97F8C20C1A8}.Release|x64.ActiveCfg = Release|x64
		{7C08C9A8-FCF3-4DBC-894B-F97F8C20C1A8}.Release|x64.Build.0 = Release|x64
		{7C08C9A8-FCF3-4DBC-894B-F97F8C20C1A8}.Release|x86.ActiveCfg = Release|Win32
		{7C08C9A8-FCF3-4DBC-894B-F97F8C20C1A8}.Release|x86.Build.0 = Release|Win32
		{ED14A295-2B0A-4078-870A-C604406B295F}.Debug|Any CPU.ActiveCfg = Debug|Win32
		{ED14A295-2B0A-4078-870A-C604406B295F}.Debug|x64.ActiveCfg = Debug|x64
		{ED14A295-2B0A-4078-870A-C604406B295F}.Debug|x64.Build.0 = Debug|x64
		{ED14A295-2B0A-4078-870A-C604406B295F}.Debug|x86.ActiveCfg = Debug|Win32
		{ED14A295-2B0A-4078-870A-C604406B295F}.Debug|x86.Build.0 = Debug|Win32
		{ED14A295-2B0A-4078-870A-C604406B295F}.Release|Any CPU.ActiveCfg = Release|Win32
		{ED14A295-2B0A-4078-870A-C604406B295F}.Release|x64.ActiveCfg = Release|x64
		{ED14A295-2B0A-4078-870A-C604406B295F}.Release|x64.Build.0 = Release|x64
		{ED14A295-2B0A-4078-870A-C604406B295F}.Release|x86.ActiveCfg = Release|Win32
		{ED14A295-2B0A-4078-870A-C604406B295F}.Release|x86.Build.0 = Release|Win32
		{BEA1201B-F5B3-4CB6-BBA5-C382AA5E0007}.Debug|Any CPU.ActiveCfg = Debug|Win32
		{BEA1201B-F5B3-4CB6-BBA5-C382AA5E0007}.Debug|x64.ActiveCfg = Debug|x64
		{BEA1201B-F5B3-4CB6-BBA5-C382AA5E0007}.Debug|x64.Build.0 = Debug|x64
		{BEA1201B-F5B3-4CB6-BBA5-C382AA5E0007}.Debug|x86.ActiveCfg = Debug|Win32
		{BEA1201B-F5B3-4CB6-BBA5-C382AA5E0007}.Debug|x86.Build.0 = Debug|Win32
		{BEA1201B-F5B3-4CB6-BBA5-C382AA5E0007}.Release|Any CPU.ActiveCfg = Release|Win32
		{BEA1201B-F5B3-4CB6-BBA5-C382AA5E0007}.Release|x64.ActiveCfg = Release|x64
		{BEA1201B-F5B3-4CB6-BBA5-C382AA5E0007}.Release|x64.Build.0 = Release|x64
		{BEA1201B-F5B3-4CB6-BBA5-C382AA5E0007}.Release|x86.ActiveCfg = Release|Win32
		{BEA1201B-F5B3-4CB6-BBA5-C382AA5E0007}.Release|x86.Build.0 = Release|Win32
		{F1C19CB0-DDC8-4336-8319-AE5CD993D853}.Debug|Any CPU.ActiveCfg = Debug|Win32
		{F1C19CB0-DDC8-4336-8319-AE5CD993D853}.Debug|x64.ActiveCfg = Debug|x64
		{F1C19CB0-DDC8-4336-8319-AE5CD993D853}.Debug|x64.Build.0 = Debug|x64
		{F1C19CB0-DDC8-4336-8319-AE5CD993D853}.Debug|x86.ActiveCfg = Debug|Win32
		{F1C19CB0-DDC8-4336-8319-AE5CD993D853}.Debug|x86.Build.0 = Debug|Win32
		{F1C19CB0-DDC8-4336-8319-AE5CD993D853}.Release|Any CPU.ActiveCfg = Release|Win32
		{F1C19CB0-DDC8-4336-8319-AE5CD993D853}.Release|x64.ActiveCfg = Release|x64
		{F1C19CB0-DDC8-4336-8319-AE5CD993D853}.Release|x64.Build.0 = Release|x64
		{F1C19CB0-DDC8-4336-8319-AE5CD993D853}.Release|x86.ActiveCfg = Release|Win32
		{F1C19CB0-DDC8-4336-8319-AE5CD993D853}.Release|x86.Build.0 = Release|Win32
		{0369A74A-D5A6-4E04-8460-FE681589A700}.Debug|Any CPU.ActiveCfg = Debug|Win32
		{0369A74A-D5A6-4E04-8460-FE681589A700}.Debug|x64.ActiveCfg = Debug|x64
		{0369A74A-D5A6-4E04-8460-FE681589A700}.Debug|x64.Build.0 = Debug|x64
		{0369A74A-D5A6-4E04-8460-FE681589A700}.Debug|x86.ActiveCfg = Debug|Win32
		{0369A74A-D5A6-4E04-8460-FE681589A700}.Debug|x86.Build.0 = Debug|Win32
		{0369A74A-D5A6-4E04-8460-FE681589A700}.Release|Any CPU.ActiveCfg = Release|Win32
		{0369A74A-D5A6-4E04-8460-FE681589A700}.Release|x64.ActiveCfg = Release|x64
		{0369A74A-D5A6-4E04-8460-FE681589A700}.Release|x64.Build.0 = Release|x64
		{0369A74A-D5A6-4E04-8460-FE681589A700}.Release|x86.ActiveCfg = Release|Win32
		{0369A74A-D5A6-4E04-8460-FE681589A700}.Release|x86.Build.0 = Release|Win32
		{EC2CD3EA-EFFA-48FA-A75C-1EA3B9E31EE9}.Debug|Any CPU.ActiveCfg = Debug|Win32
		{EC2CD3EA-EFFA-48FA-A75C-1EA3B9E31EE9}.Debug|x64.ActiveCfg = Debug|x64
		{EC2CD3EA-EFFA-48FA-A75C-1EA3B9E31EE9}.Debug|x64.Build.0 = Debug|x64
		{EC2CD3EA-EFFA-48FA-A75C-1EA3B9E31EE9}.Debug|x86.ActiveCfg = Debug|Win32
		{EC2CD3EA-EFFA-48FA-A75C-1EA3B9E31EE9}.Debug|x86.Build.0 = Debug|Win32
		{EC2CD3EA-EFFA-48FA-A75C-1EA3B9E31EE9}.Release|Any CPU.ActiveCfg = Release|Win32
		{EC2CD3EA-EFFA-48FA-A75C-1EA3B9E31EE9}.Release|x64.ActiveCfg = Release|x64
		{EC2CD3EA-EFFA-48FA-A75C-1EA3B9E31EE9}.Release|x64.Build.0 = Release|x64
		{EC2CD3EA-EFFA-48FA-A75C-1EA3B9E31EE9}.Release|x86.ActiveCfg = Release|Win32
		{EC2CD3EA-EFFA-48FA-A75C-1EA3B9E31EE9}.Release|x86.Build.0 = Release|Win32
		{7397BA0D-F0E0-47E8-9CF0-B114EE4121C8}.Debug|Any CPU.ActiveCfg = Debug|Win32
		{7397BA0D-F0E0-47E8-9CF0-B114EE4121C8}.Debug|x64.ActiveCfg = Debug|x64
		{7397BA0D-F0E0-47E8-9CF0-B114EE4121C8}.Debug|x64.Build.0 = Debug|x64
		{7397BA0D-F0E0-47E8-9CF0-B114EE4121C8}.Debug|x86.ActiveCfg = Debug|Win32
		{7397BA0D-F0E0-47E8-9CF0-B114EE4121C8}.Debug|x86.Build.0 = Debug|Win32
		{7397BA0D-F0E0-47E8-9CF0-B114EE4121C8}.Release|Any CPU.ActiveCfg = Release|Win32
		{7397BA0D-F0E0-47E8-9CF0-B114EE4121C8}.Release|x64.ActiveCfg = Release|x64
		{7397BA0D-F0E0-47E8-9CF0-B114EE4121C8}.Release|x64.Build.0 = Release|x64
		{7397BA0D-F0E0-47E8-9CF0-B114EE4121C8}.Release|x86.ActiveCfg = Release|Win32
		{7397BA0D-F0E0-47E8-9CF0-B114EE4121C8}.Release|x86.Build.0 = Release|Win32
		{118701CF-CD94-4D24-A992-909FBBA22A4D}.Debug|Any CPU.ActiveCfg = Debug|Win32
		{118701CF-CD94-4D24-A992-909FBBA22A4D}.Debug|x64.ActiveCfg = Debug|x64
		{118701CF-CD94-4D24-A992-909FBBA22A4D}.Debug|x64.Build.0 = Debug|x64
		{118701CF-CD94-4D24-A992-909FBBA22A4D}.Debug|x86.ActiveCfg = Debug|Win32
		{118701CF-CD94-4D24-A992-909FBBA22A4D}.Debug|x86.Build.0 = Debug|Win32
		{118701CF-CD94-4D24-A992-909FBBA22A4D}.Release|Any CPU.ActiveCfg = Release|Win32
		{118701CF-CD94-4D24-A992-909FBBA22A4D}.Release|x64.ActiveCfg = Release|x64
		{118701CF-CD94-4D24-A992-909FBBA22A4D}.Release|x64.Build.0 = Release|x64
		{118701CF-CD94-4D24-A992-909FBBA22A4D}.Release|x86.ActiveCfg = Release|Win32
		{118701CF-CD94-4D24-A992-909FBBA22A4D}.Release|x86.Build.0 = Release|Win32
		{EC7C7142-76B0-4F96-99E7-26610FB86090}.Debug|Any CPU.ActiveCfg = Debug|Win32
		{EC7C7142-76B0-4F96-99E7-26610FB86090}.Debug|x64.ActiveCfg = Debug|x64
		{EC7C7142-76B0-4F96-99E7-26610FB86090}.Debug|x64.Build.0 = Debug|x64
		{EC7C7142-76B0-4F96-99E7-26610FB86090}.Debug|x86.ActiveCfg = Debug|Win32
		{EC7C7142-76B0-4F96-99E7-26610FB86090}.Debug|x86.Build.0 = Debug|Win32
		{EC7C7142-76B0-4F96-99E7-26610FB86090}.Release|Any CPU.ActiveCfg = Release|Win32
		{EC7C7142-76B0-4F96-99E7-26610FB86090}.Release|x64.ActiveCfg = Release|x64
		{EC7C7142-76B0-4F96-99E7-26610FB86090}.Release|x64.Build.0 = Release|x64
		{EC7C7142-76B0-4F96-99E7-26610FB86090}.Release|x86.ActiveCfg = Release|Win32
		{EC7C7142-76B0-4F96-99E7-26610FB86090}.Release|x86.Build.0 = Release|Win32
		{4A430093-2DB6-4690-A0F3-ACD8B288E3F3}.Debug|Any CPU.ActiveCfg = Debug|Win32
		{4A430093-2DB6-4690-A0F3-ACD8B288E3F3}.Debug|x64.ActiveCfg = Debug|x64
		{4A430093-2DB6-4690-A0F3-ACD8B288E3F3}.Debug|x64.Build.0 = Debug|x64
		{4A430093-2DB6-4690-A0F3-ACD8B288E3F3}.Debug|x86.ActiveCfg = Debug|Win32
		{4A430093-2DB6-4690-A0F3-ACD8B288E3F3}.Debug|x86.Build.0 = Debug|Win32
		{4A430093-2DB6-4690-A0F3-ACD8B288E3F3}.Release|Any CPU.ActiveCfg = Release|Win32
		{4A430093-2DB6-4690-A0F3-ACD8B288E3F3}.Release|x64.ActiveCfg = Release|x64
		{4A430093-2DB6-4690-A0F3-ACD8B288E3F3}.Release|x64.Build.0 = Release|x64
		{4A430093-2DB6-4690-A0F3-ACD8B288E3F3}.Release|x86.ActiveCfg = Release|Win32
		{4A430093-2DB6-4690-A0F3-ACD8B288E3F3}.Release|x86.Build.0 = Release|Win32
		{AC08F131-6235-48A2-9904-F2924A926F31}.Debug|Any CPU.ActiveCfg = Debug|Win32
		{AC08F131-6235-48A2-9904-F2924A926F31}.Debug|x64.ActiveCfg = Debug|x64
		{AC08F131-6235-48A2-9904-F2924A926F31}.Debug|x64.Build.0 = Debug|x64
		{AC08F131-6235-48A2-9904-F2924A926F31}.Debug|x86.ActiveCfg = Debug|Win32
		{AC08F131-6235-48A2-9904-F2924A926F31}.Debug|x86.Build.0 = Debug|Win32
		{AC08F131-6235-48A2-9904-F2924A926F31}.Release|Any CPU.ActiveCfg = Release|Win32
		{AC08F131-6235-48A2-9904-F2924A926F31}.Release|x64.ActiveCfg = Release|x64
		{AC08F131-6235-48A2-9904-F2924A926F31}.Release|x64.Build.0 = Release|x64
		{AC08F131-6235-48A2-9904-F2924A926F31}.Release|x86.ActiveCfg = Release|Win32
		{AC08F131-6235-48A2-9904-F2924A926F31}.Release|x86.Build.0 = Release|Win32
		{F616E131-22E5-4D57-AF36-4AD76752B11C}.Debug|Any CPU.ActiveCfg = Debug|Win32
		{F616E131-22E5-4D57-AF36-4AD76752B11C}.Debug|x64.ActiveCfg = Debug|x64
		{F616E131-22E5-4D57-AF36-4AD76752B11C}.Debug|x64.Build.0 = Debug|x64
		{F616E131-22E5-4D57-AF36-4AD76752B11C}.Debug|x86.ActiveCfg = Debug|Win32
		{F616E131-22E5-4D57-AF36-4AD76752B11C}.Debug|x86.Build.0 = Debug|Win32
		{F616E131-22E5-4D57-AF36-4AD76752B11C}.Release|Any CPU.ActiveCfg = Release|Win32
		{F616E131-22E5-4D57-AF36-4AD76752B11C}.Release|x64.ActiveCfg = Release|x64
		{F616E131-22E5-4D57-AF36-4AD76752B11C}.Release|x64.Build.0 = Release|x64
		{F616E131-22E5-4D57-AF36-4AD76752B11C}.Release|x86.ActiveCfg = Release|Win32
		{F616E131-22E5-4D57-AF36-4AD76752B11C}.Release|x86.Build.0 = Release|Win32
		{D80E33FC-7493-4342-ABB4-3B227A5D197A}.Debug|Any CPU.ActiveCfg = Debug|Win32
		{D80E33FC-7493-4342-ABB4-3B227A5D197A}.Debug|x64.ActiveCfg = Debug|x64
		{D80E33FC-7493-4342-ABB4-3B227A5D197A}.Debug|x64.Build.0 = Debug|x64
		{D80E33FC-7493-4342-ABB4-3B227A5D197A}.Debug|x86.ActiveCfg = Debug|Win32
		{D80E33FC-7493-4342-ABB4-3B227A5D197A}.Debug|x86.Build.0 = Debug|Win32
		{D80E33FC-7493-4342-ABB4-3B227A5D197A}.Release|Any CPU.ActiveCfg = Release|Win32
		{D80E33FC-7493-4342-ABB4-3B227A5D197A}.Release|x64.ActiveCfg = Release|x64
		{D80E33FC-7493-4342-ABB4-3B227A5D197A}.Release|x64.Build.0 = Release|x64
		{D80E33FC-7493-4342-ABB4-3B227A5D197A}.Release|x86.ActiveCfg = Release|Win32
		{D80E33FC-7493-4342-ABB4-3B227A5D197A}.Release|x86.Build.0 = Release|Win32
		{DCFCFF95-A324-4FFE-B823-3776F0B8E7E9}.Debug|Any CPU.ActiveCfg = Debug|Win32
		{DCFCFF95-A324-4FFE-B823-3776F0B8E7E9}.Debug|x64.ActiveCfg = Debug|x64
		{DCFCFF95-A324-4FFE-B823-3776F0B8E7E9}.Debug|x64.Build.0 = Debug|x64
		{DCFCFF95-A324-4FFE-B823-3776F0B8E7E9}.Debug|x86.ActiveCfg = Debug|Win32
		{DCFCFF95-A324-4FFE-B823-3776F0B8E7E9}.Debug|x86.Build.0 = Debug|Win32
		{DCFCFF95-A324-4FFE-B823-3776F0B8E7E9}.Release|Any CPU.ActiveCfg = Release|Win32
		{DCFCFF95-A324-4FFE-B823-3776F0B8E7E9}.Release|x64.ActiveCfg = Release|x64
		{DCFCFF95-A324-4FFE-B823-3776F0B8E7E9}.Release|x64.Build.0 = Release|x64
		{DCFCFF95-A324-4FFE-B823-3776F0B8E7E9}.Release|x86.ActiveCfg = Release|Win32
		{DCFCFF95-A324-4FFE-B823-3776F0B8E7E9}.Release|x86.Build.0 = Release|Win32
		{B650A975-A875-447C-9C11-87FCE059772E}.Debug|Any CPU.ActiveCfg = Debug|Win32
		{B650A975-A875-447C-9C11-87FCE059772E}.Debug|x64.ActiveCfg = Debug|x64
		{B650A975-A875-447C-9C11-87FCE059772E}.Debug|x64.Build.0 = Debug|x64
		{B650A975-A875-447C-9C11-87FCE059772E}.Debug|x86.ActiveCfg = Debug|Win32
		{B650A975-A875-447C-9C11-87FCE059772E}.Debug|x86.Build.0 = Debug|Win32
		{B650A975-A875-447C-9C11-87FCE059772E}.Release|Any CPU.ActiveCfg = Release|Win32
		{B650A975-A875-447C-9C11-87FCE059772E}.Release|x64.ActiveCfg = Release|x64
		{B650A975-A875-447C-9C11-87FCE059772E}.Release|x64.Build.0 = Release|x64
		{B650A975-A875-447C-9C11-87FCE059772E}.Release|x86.ActiveCfg = Release|Win32
		{B650A975-A875-447C-9C11-87FCE059772E}.Release|x86.Build.0 = Release|Win32
		{B62A3197-B524-4E46-8BF6-970F9486DE13}.Debug|Any CPU.ActiveCfg = Debug|Win32
		{B62A3197-B524-4E46-8BF6-970F9486DE13}.Debug|x64.ActiveCfg = Debug|x64
		{B62A3197-B524-4E46-8BF6-970F9486DE13}.Debug|x64.Build.0 = Debug|x64
		{B62A3197-B524-4E46-8BF6-970F9486DE13}.Debug|x86.ActiveCfg = Debug|Win32
		{B62A3197-B524-4E46-8BF6-970F9486DE13}.Debug|x86.Build.0 = Debug|Win32
		{B62A3197-B524-4E46-8BF6-970F9486DE13}.Release|Any CPU.ActiveCfg = Release|Win32
		{B62A3197-B524-4E46-8BF6-970F9486DE13}.Release|x64.ActiveCfg = Release|x64
		{B62A3197-B524-4E46-8BF6-970F9486DE13}.Release|x64.Build.0 = Release|x64
		{B62A3197-B524-4E46-8BF6-970F9486DE13}.Release|x86.ActiveCfg = Release|Win32
		{B62A3197-B524-4E46-8BF6-970F9486DE13}.Release|x86.Build.0 = Release|Win32
		{15FDAAC0-8DC8-4400-A11F-E5F835CB4D17}.Debug|Any CPU.ActiveCfg = Debug|Win32
		{15FDAAC0-8DC8-4400-A11F-E5F835CB4D17}.Debug|x64.ActiveCfg = Debug|x64
		{15FDAAC0-8DC8-4400-A11F-E5F835CB4D17}.Debug|x64.Build.0 = Debug|x64
		{15FDAAC0-8DC8-4400-A11F-E5F835CB4D17}.Debug|x86.ActiveCfg = Debug|Win32
		{15FDAAC0-8DC8-4400-A11F-E5F835CB4D17}.Debug|x86.Build.0 = Debug|Win32
		{15FDAAC0-8DC8-4400-A11F-E5F835CB4D17}.Release|Any CPU.ActiveCfg = Release|Win32
		{15FDAAC0-8DC8-4400-A11F-E5F835CB4D17}.Release|x64.ActiveCfg = Release|x64
		{15FDAAC0-8DC8-4400-A11F-E5F835CB4D17}.Release|x64.Build.0 = Release|x64
		{15FDAAC0-8DC8-4400-A11F-E5F835CB4D17}.Release|x86.ActiveCfg = Release|Win32
		{15FDAAC0-8DC8-4400-A11F-E5F835CB4D17}.Release|x86.Build.0 = Release|Win32
		{0EE25F82-3ACC-499E-BBA5-05D3F4876539}.Debug|Any CPU.ActiveCfg = Debug|Win32
		{0EE25F82-3ACC-499E-BBA5-05D3F4876539}.Debug|x64.ActiveCfg = Debug|x64
		{0EE25F82-3ACC-499E-BBA5-05D3F4876539}.Debug|x64.Build.0 = Debug|x64
		{0EE25F82-3ACC-499E-BBA5-05D3F4876539}.Debug|x86.ActiveCfg = Debug|Win32
		{0EE25F82-3ACC-499E-BBA5-05D3F4876539}.Debug|x86.Build.0 = Debug|Win32
		{0EE25F82-3ACC-499E-BBA5-05D3F4876539}.Release|Any CPU.ActiveCfg = Release|Win32
		{0EE25F82-3ACC-499E-BBA5-05D3F4876539}.Release|x64.ActiveCfg = Release|x64
		{0EE25F82-3ACC-499E-BBA5-05D3F4876539}.Release|x64.Build.0 = Release|x64
		{0EE25F82-3ACC-499E-BBA5-05D3F4876539}.Release|x86.ActiveCfg = Release|Win32
		{0EE25F82-3ACC-499E-BBA5-05D3F4876539}.Release|x86.Build.0 = Release|Win32
		{28FBAEFB-4462-4C06-9BBB-FAEAC8F2B760}.Debug|Any CPU.ActiveCfg = Debug|Win32
		{28FBAEFB-4462-4C06-9BBB-FAEAC8F2B760}.Debug|x64.ActiveCfg = Debug|x64
		{28FBAEFB-4462-4C06-9BBB-FAEAC8F2B760}.Debug|x64.Build.0 = Debug|x64
		{28FBAEFB-4462-4C06-9BBB-FAEAC8F2B760}.Debug|x86.ActiveCfg = Debug|Win32
		{28FBAEFB-4462-4C06-9BBB-FAEAC8F2B760}.Debug|x86.Build.0 = Debug|Win32
		{28FBAEFB-4462-4C06-9BBB-FAEAC8F2B760}.Release|Any CPU.ActiveCfg = Release|Win32
		{28FBAEFB-4462-4C06-9BBB-FAEAC8F2B760}.Release|x64.ActiveCfg = Release|x64
		{28FBAEFB-4462-4C06-9BBB-FAEAC8F2B760}.Release|x64.Build.0 = Release|x64
		{28FBAEFB-4462-4C06-9BBB-FAEAC8F2B760}.Release|x86.ActiveCfg = Release|Win32
		{28FBAEFB-4462-4C06-9BBB-FAEAC8F2B760}.Release|x86.Build.0 = Release|Win32
		{0050C50C-135B-429E-8707-CD056B56F9F1}.Debug|Any CPU.ActiveCfg = Debug|Win32
		{0050C50C-135B-429E-8707-CD056B56F9F1}.Debug|x64.ActiveCfg = Debug|x64
		{0050C50C-135B-429E-8707-CD056B56F9F1}.Debug|x64.Build.0 = Debug|x64
		{0050C50C-135B-429E-8707-CD056B56F9F1}.Debug|x86.ActiveCfg = Debug|Win32
		{0050C50C-135B-429E-8707-CD056B56F9F1}.Debug|x86.Build.0 = Debug|Win32
		{0050C50C-135B-429E-8707-CD056B56F9F1}.Release|Any CPU.ActiveCfg = Release|Win32
		{0050C50C-135B-429E-8707-CD056B56F9F1}.Release|x64.ActiveCfg = Release|x64
		{0050C50C-135B-429E-8707-CD056B56F9F1}.Release|x64.Build.0 = Release|x64
		{0050C50C-135B-429E-8707-CD056B56F9F1}.Release|x86.ActiveCfg = Release|Win32
		{0050C50C-135B-429E-8707-CD056B56F9F1}.Release|x86.Build.0 = Release|Win32
		{8109D9D4-8C7E-4AC2-B63F-E2901D1EF785}.Debug|Any CPU.ActiveCfg = Debug|Win32
		{8109D9D4-8C7E-4AC2-B63F-E2901D1EF785}.Debug|x64.ActiveCfg = Debug|x64
		{8109D9D4-8C7E-4AC2-B63F-E2901D1EF785}.Debug|x64.Build.0 = Debug|x64
		{8109D9D4-8C7E-4AC2-B63F-E2901D1EF785}.Debug|x86.ActiveCfg = Debug|Win32
		{8109D9D4-8C7E-4AC2-B63F-E2901D1EF785}.Debug|x86.Build.0 = Debug|Win32
		{8109D9D4-8C7E-4AC2-B63F-E2901D1EF785}.Release|Any CPU.ActiveCfg = Release|Win32
		{8109D9D4-8C7E-4AC2-B63F-E2901D1EF785}.Release|x64.ActiveCfg = Release|x64
		{8109D9D4-8C7E-4AC2-B63F-E2901D1EF785}.Release|x64.Build.0 = Release|x64
		{8109D9D4-8C7E-4AC2-B63F-E2901D1EF785}.Release|x86.ActiveCfg = Release|Win32
		{8109D9D4-8C7E-4AC2-B63F-E2901D1EF785}.Release|x86.Build.0 = Release|Win32
		{28EAC9E9-E55B-43FA-B968-D764930B81FF}.Debug|Any CPU.ActiveCfg = Debug|Win32
		{28EAC9E9-E55B-43FA-B968-D764930B81FF}.Debug|x64.ActiveCfg = Debug|x64
		{28EAC9E9-E55B-43FA-B968-D764930B81FF}.Debug|x64.Build.0 = Debug|x64
		{28EAC9E9-E55B-43FA-B968-D764930B81FF}.Debug|x86.ActiveCfg = Debug|Win32
		{28EAC9E9-E55B-43FA-B968-D764930B81FF}.Debug|x86.Build.0 = Debug|Win32
		{28EAC9E9-E55B-43FA-B968-D764930B81FF}.Release|Any CPU.ActiveCfg = Release|Win32
		{28EAC9E9-E55B-43FA-B968-D764930B81FF}.Release|x64.ActiveCfg = Release|x64
		{28EAC9E9-E55B-43FA-B968-D764930B81FF}.Release|x64.Build.0 = Release|x64
		{28EAC9E9-E55B-43FA-B968-D764930B81FF}.Release|x86.ActiveCfg = Release|Win32
		{28EAC9E9-E55B-43FA-B968-D764930B81FF}.Release|x86.Build.0 = Release|Win32
		{4E7843DF-5F33-4C70-8774-AFEE5DDE865A}.Debug|Any CPU.ActiveCfg = Debug|Win32
		{4E7843DF-5F33-4C70-8774-AFEE5DDE865A}.Debug|x64.ActiveCfg = Debug|x64
		{4E7843DF-5F33-4C70-8774-AFEE5DDE865A}.Debug|x64.Build.0 = Debug|x64
		{4E7843DF-5F33-4C70-8774-AFEE5DDE865A}.Debug|x86.ActiveCfg = Debug|Win32
		{4E7843DF-5F33-4C70-8774-AFEE5DDE865A}.Debug|x86.Build.0 = Debug|Win32
		{4E7843DF-5F33-4C70-8774-AFEE5DDE865A}.Release|Any CPU.ActiveCfg = Release|Win32
		{4E7843DF-5F33-4C70-8774-AFEE5DDE865A}.Release|x64.ActiveCfg = Release|x64
		{4E7843DF-5F33-4C70-8774-AFEE5DDE865A}.Release|x64.Build.0 = Release|x64
		{4E7843DF-5F33-4C70-8774-AFEE5DDE865A}.Release|x86.ActiveCfg = Release|Win32
		{4E7843DF-5F33-4C70-8774-AFEE5DDE865A}.Release|x86.Build.0 = Release|Win32
		{03AB678D-FD26-425D-BE4C-C9A22DC9A891}.Debug|Any CPU.ActiveCfg = Debug|Win32
		{03AB678D-FD26-425D-BE4C-C9A22DC9A891}.Debug|x64.ActiveCfg = Debug|x64
		{03AB678D-FD26-425D-BE4C-C9A22DC9A891}.Debug|x64.Build.0 = Debug|x64
		{03AB678D-FD26-425D-BE4C-C9A22DC9A891}.Debug|x86.ActiveCfg = Debug|Win32
		{03AB678D-FD26-425D-BE4C-C9A22DC9A891}.Debug|x86.Build.0 = Debug|Win32
		{03AB678D-FD26-425D-BE4C-C9A22DC9A891}.Release|Any CPU.ActiveCfg = Release|Win32
		{03AB678D-FD26-425D-BE4C-C9A22DC9A891}.Release|x64.ActiveCfg = Release|x64
		{03AB678D-FD26-425D-BE4C-C9A22DC9A891}.Release|x64.Build.0 = Release|x64
		{03AB678D-FD26-425D-BE4C-C9A22DC9A891}.Release|x86.ActiveCfg = Release|Win32
		{03AB678D-FD26-425D-BE4C-C9A22DC9A891}.Release|x86.Build.0 = Release|Win32
		{404133DF-B8DF-4B7B-B1C2-75B8DE0E0B24}.Debug|Any CPU.ActiveCfg = Debug|Win32
		{404133DF-B8DF-4B7B-B1C2-75B8DE0E0B24}.Debug|x64.ActiveCfg = Debug|x64
		{404133DF-B8DF-4B7B-B1C2-75B8DE0E0B24}.Debug|x64.Build.0 = Debug|x64
		{404133DF-B8DF-4B7B-B1C2-75B8DE0E0B24}.Debug|x86.ActiveCfg = Debug|Win32
		{404133DF-B8DF-4B7B-B1C2-75B8DE0E0B24}.Debug|x86.Build.0 = Debug|Win32
		{404133DF-B8DF-4B7B-B1C2-75B8DE0E0B24}.Release|Any CPU.ActiveCfg = Release|Win32
		{404133DF-B8DF-4B7B-B1C2-75B8DE0E0B24}.Release|x64.ActiveCfg = Release|x64
		{404133DF-B8DF-4B7B-B1C2-75B8DE0E0B24}.Release|x64.Build.0 = Release|x64
		{404133DF-B8DF-4B7B-B1C2-75B8DE0E0B24}.Release|x86.ActiveCfg = Release|Win32
		{404133DF-B8DF-4B7B-B1C2-75B8DE0E0B24}.Release|x86.Build.0 = Release|Win32
		{F4698BDB-D41B-4A41-BA5D-935A61E1D6AF}.Debug|Any CPU.ActiveCfg = Debug|Win32
		{F4698BDB-D41B-4A41-BA5D-935A61E1D6AF}.Debug|x64.ActiveCfg = Debug|x64
		{F4698BDB-D41B-4A41-BA5D-935A61E1D6AF}.Debug|x64.Build.0 = Debug|x64
		{F4698BDB-D41B-4A41-BA5D-935A61E1D6AF}.Debug|x86.ActiveCfg = Debug|Win32
		{F4698BDB-D41B-4A41-BA5D-935A61E1D6AF}.Debug|x86.Build.0 = Debug|Win32
		{F4698BDB-D41B-4A41-BA5D-935A61E1D6AF}.Release|Any CPU.ActiveCfg = Release|Win32
		{F4698BDB-D41B-4A41-BA5D-935A61E1D6AF}.Release|x64.ActiveCfg = Release|x64
		{F4698BDB-D41B-4A41-BA5D-935A61E1D6AF}.Release|x64.Build.0 = Release|x64
		{F4698BDB-D41B-4A41-BA5D-935A61E1D6AF}.Release|x86.ActiveCfg = Release|Win32
		{F4698BDB-D41B-4A41-BA5D-935A61E1D6AF}.Release|x86.Build.0 = Release|Win32
		{73A77FFC-AFD5-4A0C-9EC4-A60B893A617D}.Debug|Any CPU.ActiveCfg = Debug|Win32
		{73A77FFC-AFD5-4A0C-9EC4-A60B893A617D}.Debug|x64.ActiveCfg = Debug|x64
		{73A77FFC-AFD5-4A0C-9EC4-A60B893A617D}.Debug|x64.Build.0 = Debug|x64
		{73A77FFC-AFD5-4A0C-9EC4-A60B893A617D}.Debug|x86.ActiveCfg = Debug|Win32
		{73A77FFC-AFD5-4A0C-9EC4-A60B893A617D}.Debug|x86.Build.0 = Debug|Win32
		{73A77FFC-AFD5-4A0C-9EC4-A60B893A617D}.Release|Any CPU.ActiveCfg = Release|Win32
		{73A77FFC-AFD5-4A0C-9EC4-A60B893A617D}.Release|x64.ActiveCfg = Release|x64
		{73A77FFC-AFD5-4A0C-9EC4-A60B893A617D}.Release|x64.Build.0 = Release|x64
		{73A77FFC-AFD5-4A0C-9EC4-A60B893A617D}.Release|x86.ActiveCfg = Release|Win32
		{73A77FFC-AFD5-4A0C-9EC4-A60B893A617D}.Release|x86.Build.0 = Release|Win32
		{68F82B65-14A7-4DCF-AD33-BD396A8F5974}.Debug|Any CPU.ActiveCfg = Debug|Win32
		{68F82B65-14A7-4DCF-AD33-BD396A8F5974}.Debug|x64.ActiveCfg = Debug|x64
		{68F82B65-14A7-4DCF-AD33-BD396A8F5974}.Debug|x64.Build.0 = Debug|x64
		{68F82B65-14A7-4DCF-AD33-BD396A8F5974}.Debug|x86.ActiveCfg = Debug|Win32
		{68F82B65-14A7-4DCF-AD33-BD396A8F5974}.Debug|x86.Build.0 = Debug|Win32
		{68F82B65-14A7-4DCF-AD33-BD396A8F5974}.Release|Any CPU.ActiveCfg = Release|Win32
		{68F82B65-14A7-4DCF-AD33-BD396A8F5974}.Release|x64.ActiveCfg = Release|x64
		{68F82B65-14A7-4DCF-AD33-BD396A8F5974}.Release|x64.Build.0 = Release|x64
		{68F82B65-14A7-4DCF-AD33-BD396A8F5974}.Release|x86.ActiveCfg = Release|Win32
		{68F82B65-14A7-4DCF-AD33-BD396A8F5974}.Release|x86.Build.0 = Release|Win32
		{98DFAA5C-4A71-42ED-A6F2-FD4E0CFE7C81}.Debug|Any CPU.ActiveCfg = Debug|Win32
		{98DFAA5C-4A71-42ED-A6F2-FD4E0CFE7C81}.Debug|x64.ActiveCfg = Debug|x64
		{98DFAA5C-4A71-42ED-A6F2-FD4E0CFE7C81}.Debug|x64.Build.0 = Debug|x64
		{98DFAA5C-4A71-42ED-A6F2-FD4E0CFE7C81}.Debug|x86.ActiveCfg = Debug|Win32
		{98DFAA5C-4A71-42ED-A6F2-FD4E0CFE7C81}.Debug|x86.Build.0 = Debug|Win32
		{98DFAA5C-4A71-42ED-A6F2-FD4E0CFE7C81}.Release|Any CPU.ActiveCfg = Release|Win32
		{98DFAA5C-4A71-42ED-A6F2-FD4E0CFE7C81}.Release|x64.ActiveCfg = Release|x64
		{98DFAA5C-4A71-42ED-A6F2-FD4E0CFE7C81}.Release|x64.Build.0 = Release|x64
		{98DFAA5C-4A71-42ED-A6F2-FD4E0CFE7C81}.Release|x86.ActiveCfg = Release|Win32
		{98DFAA5C-4A71-42ED-A6F2-FD4E0CFE7C81}.Release|x86.Build.0 = Release|Win32
		{99DAA6C5-4478-4FA8-99D9-FB3B89E73E5E}.Debug|Any CPU.ActiveCfg = Debug|Win32
		{99DAA6C5-4478-4FA8-99D9-FB3B89E73E5E}.Debug|x64.ActiveCfg = Debug|x64
		{99DAA6C5-4478-4FA8-99D9-FB3B89E73E5E}.Debug|x64.Build.0 = Debug|x64
		{99DAA6C5-4478-4FA8-99D9-FB3B89E73E5E}.Debug|x86.ActiveCfg = Debug|Win32
		{99DAA6C5-4478-4FA8-99D9-FB3B89E73E5E}.Debug|x86.Build.0 = Debug|Win32
		{99DAA6C5-4478-4FA8-99D9-FB3B89E73E5E}.Release|Any CPU.ActiveCfg = Release|Win32
		{99DAA6C5-4478-4FA8-99D9-FB3B89E73E5E}.Release|x64.ActiveCfg = Release|x64
		{99DAA6C5-4478-4FA8-99D9-FB3B89E73E5E}.Release|x64.Build.0 = Release|x64
		{99DAA6C5-4478-4FA8-99D9-FB3B89E73E5E}.Release|x86.ActiveCfg = Release|Win32
		{99DAA6C5-4478-4FA8-99D9-FB3B89E73E5E}.Release|x86.Build.0 = Release|Win32
	EndGlobalSection
	GlobalSection(SolutionProperties) = preSolution
		HideSolutionNode = FALSE
	EndGlobalSection
	GlobalSection(ExtensibilityGlobals) = postSolution
		SolutionGuid = {E74973AB-57FA-429F-BE03-8CBADB561576}
	EndGlobalSection
EndGlobal
